{
    "version": 3,
    "terraform_version": "0.11.11",
    "serial": 3,
    "lineage": "046610c0-726f-f3da-0176-d11e3b37bfbe",
    "modules": [
        {
            "path": [
                "root"
            ],
            "outputs": {},
            "resources": {
                "aws_lightsail_instance.this": {
                    "type": "aws_lightsail_instance",
                    "depends_on": [],
                    "primary": {
                        "id": "dev01",
                        "attributes": {
                            "arn": "arn:aws:lightsail:ap-northeast-1:208991981080:Instance/3f18d6e2-8c39-4743-a1d2-03d47f998aa6",
                            "availability_zone": "ap-northeast-1a",
                            "blueprint_id": "amazon_linux_2018_03_0_2",
                            "bundle_id": "nano_2_0",
                            "cpu_count": "1",
                            "created_at": "2019-04-19T08:26:09Z",
                            "id": "dev01",
                            "ipv6_address": "",
                            "is_static_ip": "false",
                            "key_pair_name": "lightsail-key-pair",
                            "name": "dev01",
                            "private_ip_address": "172.26.6.131",
                            "public_ip_address": "18.179.23.30",
                            "username": "ec2-user"
                        },
                        "meta": {},
                        "tainted": false
                    },
                    "deposed": [],
                    "provider": "provider.aws"
                }
            },
            "depends_on": []
        }
    ]
}
